
Microsoft Visual Studio Solution File, Format Version 12.00
# Visual Studio 15
VisualStudioVersion = 15.0.27130.2027
MinimumVisualStudioVersion = 10.0.40219.1
Project("{FAE04EC0-301F-11D3-BF4B-00C04F79EFBC}") = "ConsoleApp1", "ConsoleApp1\ConsoleApp1.csproj", "{B30D606F-237E-4CA6-9177-E62300AA3688}"
EndProject
Project("{FAE04EC0-301F-11D3-BF4B-00C04F79EFBC}") = "UnitTestProject1", "UnitTestProject1\UnitTestProject1.csproj", "{C2910AAE-2375-4847-A59B-E2C97DCD6779}"
EndProject
Global
	GlobalSection(SolutionConfigurationPlatforms) = preSolution
		Debug|Any CPU = Debug|Any CPU
		Release|Any CPU = Release|Any CPU
	EndGlobalSection
	GlobalSection(ProjectConfigurationPlatforms) = postSolution
		{B30D606F-237E-4CA6-9177-E62300AA3688}.Debug|Any CPU.ActiveCfg = Debug|Any CPU
		{B30D606F-237E-4CA6-9177-E62300AA3688}.Debug|Any CPU.Build.0 = Debug|Any CPU
		{B30D606F-237E-4CA6-9177-E62300AA3688}.Release|Any CPU.ActiveCfg = Release|Any CPU
		{B30D606F-237E-4CA6-9177-E62300AA3688}.Release|Any CPU.Build.0 = Release|Any CPU
		{C2910AAE-2375-4847-A59B-E2C97DCD6779}.Debug|Any CPU.ActiveCfg = Debug|Any CPU
		{C2910AAE-2375-4847-A59B-E2C97DCD6779}.Debug|Any CPU.Build.0 = Debug|Any CPU
		{C2910AAE-2375-4847-A59B-E2C97DCD6779}.Release|Any CPU.ActiveCfg = Release|Any CPU
		{C2910AAE-2375-4847-A59B-E2C97DCD6779}.Release|Any CPU.Build.0 = Release|Any CPU
	EndGlobalSection
	GlobalSection(SolutionProperties) = preSolution
		HideSolutionNode = FALSE
	EndGlobalSection
	GlobalSection(ExtensibilityGlobals) = postSolution
		SolutionGuid = {5B14E68B-3176-46B3-ABC7-70FC3E2FA0D2}
	EndGlobalSection
EndGlobal
